{
  "name": "http-call-test",
  "version": "1.0.0",
  "lockfileVersion": 2,
  "requires": true,
  "packages": {
    "": {
      "name": "http-call-test",
      "version": "1.0.0",
      "license": "ISC",
      "dependencies": {
        "http-get": "^0.5.10",
        "http-params": "^1.0.1",
        "https": "^1.0.0"
      },
      "devDependencies": {
        "@types/node": "^17.0.21"
      }
    },
    "node_modules/@types/node": {
      "version": "17.0.21",
      "resolved": "https://registry.npmjs.org/@types/node/-/node-17.0.21.tgz",
      "integrity": "sha512-DBZCJbhII3r90XbQxI8Y9IjjiiOGlZ0Hr32omXIZvwwZ7p4DMMXGrKXVyPfuoBOri9XNtL0UK69jYIBIsRX3QQ==",
      "dev": true
    },
    "node_modules/buffer-concat": {
      "version": "1.0.0",
      "resolved": "https://registry.npmjs.org/buffer-concat/-/buffer-concat-1.0.0.tgz",
      "integrity": "sha1-Le+trcsUXgrTwLlhzeGRCxGNH+Y="
    },
    "node_modules/http-get": {
      "version": "0.5.10",
      "resolved": "https://registry.npmjs.org/http-get/-/http-get-0.5.10.tgz",
      "integrity": "sha1-FmZPsaahcLsN4DkvVRtLX/fAvZU=",
      "deprecated": "http-get has reached its end of life. Please use its successor: http-request.",
      "dependencies": {
        "buffer-concat": ">=0.0.1",
        "semver": ">=1.0.13"
      },
      "engines": {
        "node": ">=0.6.11"
      }
    },
    "node_modules/http-params": {
      "version": "1.0.1",
      "resolved": "https://registry.npmjs.org/http-params/-/http-params-1.0.1.tgz",
      "integrity": "sha1-u4fc8W2c2gz12TRNQoOkaxhkr2Q="
    },
    "node_modules/https": {
      "version": "1.0.0",
      "resolved": "https://registry.npmjs.org/https/-/https-1.0.0.tgz",
      "integrity": "sha1-PDfHrhqO65ZpBKKtHpdaGUt+06Q="
    },
    "node_modules/lru-cache": {
      "version": "6.0.0",
      "resolved": "https://registry.npmjs.org/lru-cache/-/lru-cache-6.0.0.tgz",
      "integrity": "sha512-Jo6dJ04CmSjuznwJSS3pUeWmd/H0ffTlkXXgwZi+eq1UCmqQwCh+eLsYOYCwY991i2Fah4h1BEMCx4qThGbsiA==",
      "dependencies": {
        "yallist": "^4.0.0"
      },
      "engines": {
        "node": ">=10"
      }
    },
    "node_modules/semver": {
      "version": "7.3.5",
      "resolved": "https://registry.npmjs.org/semver/-/semver-7.3.5.tgz",
      "integrity": "sha512-PoeGJYh8HK4BTO/a9Tf6ZG3veo/A7ZVsYrSA6J8ny9nb3B1VrpkuN+z9OE5wfE5p6H4LchYZsegiQgbJD94ZFQ==",
      "dependencies": {
        "lru-cache": "^6.0.0"
      },
      "bin": {
        "semver": "bin/semver.js"
      },
      "engines": {
        "node": ">=10"
      }
    },
    "node_modules/yallist": {
      "version": "4.0.0",
      "resolved": "https://registry.npmjs.org/yallist/-/yallist-4.0.0.tgz",
      "integrity": "sha512-3wdGidZyq5PB084XLES5TpOSRA3wjXAlIWMhum2kRcv/41Sn2emQ0dycQW4uZXLejwKvg6EsvbdlVL+FYEct7A=="
    }
  },
  "dependencies": {
    "@types/node": {
      "version": "17.0.21",
      "resolved": "https://registry.npmjs.org/@types/node/-/node-17.0.21.tgz",
      "integrity": "sha512-DBZCJbhII3r90XbQxI8Y9IjjiiOGlZ0Hr32omXIZvwwZ7p4DMMXGrKXVyPfuoBOri9XNtL0UK69jYIBIsRX3QQ==",
      "dev": true
    },
    "buffer-concat": {
      "version": "1.0.0",
      "resolved": "https://registry.npmjs.org/buffer-concat/-/buffer-concat-1.0.0.tgz",
      "integrity": "sha1-Le+trcsUXgrTwLlhzeGRCxGNH+Y="
    },
    "http-get": {
      "version": "0.5.10",
      "resolved": "https://registry.npmjs.org/http-get/-/http-get-0.5.10.tgz",
      "integrity": "sha1-FmZPsaahcLsN4DkvVRtLX/fAvZU=",
      "requires": {
        "buffer-concat": ">=0.0.1",
        "semver": ">=1.0.13"
      }
    },
    "http-params": {
      "version": "1.0.1",
      "resolved": "https://registry.npmjs.org/http-params/-/http-params-1.0.1.tgz",
      "integrity": "sha1-u4fc8W2c2gz12TRNQoOkaxhkr2Q="
    },
    "https": {
      "version": "1.0.0",
      "resolved": "https://registry.npmjs.org/https/-/https-1.0.0.tgz",
      "integrity": "sha1-PDfHrhqO65ZpBKKtHpdaGUt+06Q="
    },
    "lru-cache": {
      "version": "6.0.0",
      "resolved": "https://registry.npmjs.org/lru-cache/-/lru-cache-6.0.0.tgz",
      "integrity": "sha512-Jo6dJ04CmSjuznwJSS3pUeWmd/H0ffTlkXXgwZi+eq1UCmqQwCh+eLsYOYCwY991i2Fah4h1BEMCx4qThGbsiA==",
      "requires": {
        "yallist": "^4.0.0"
      }
    },
    "semver": {
      "version": "7.3.5",
      "resolved": "https://registry.npmjs.org/semver/-/semver-7.3.5.tgz",
      "integrity": "sha512-PoeGJYh8HK4BTO/a9Tf6ZG3veo/A7ZVsYrSA6J8ny9nb3B1VrpkuN+z9OE5wfE5p6H4LchYZsegiQgbJD94ZFQ==",
      "requires": {
        "lru-cache": "^6.0.0"
      }
    },
    "yallist": {
      "version": "4.0.0",
      "resolved": "https://registry.npmjs.org/yallist/-/yallist-4.0.0.tgz",
      "integrity": "sha512-3wdGidZyq5PB084XLES5TpOSRA3wjXAlIWMhum2kRcv/41Sn2emQ0dycQW4uZXLejwKvg6EsvbdlVL+FYEct7A=="
    }
  }
}
